{
  "requires": true,
  "lockfileVersion": 1,
  "dependencies": {
    "ts-types-validator": {
      "version": "file:../../../ts-types-validator-1.1.4.tgz",
      "integrity": "sha512-NYCiJIQngKKt8yi4HoBlI0Bvg9eHWdJUxspWT/F9HzhxdZwq4Dbyj1JvXO5HgBUSbUu2W2Tr05IBFlWrPznmyg==",
      "dev": true
    },
    "typescript": {
      "version": "4.2.4",
      "resolved": "https://registry.npmjs.org/typescript/-/typescript-4.2.4.tgz",
      "integrity": "sha512-V+evlYHZnQkaz8TRBuxTA92yZBPotr5H+WhQ7bD3hZUndx5tGOa1fuCgeSjxAzM1RiN5IzvadIXTVefuuwZCRg==",
      "dev": true
    }
  }
}
